// !$*UTF8*$!
{
	archiveVersion = 1;
	classes = {
	};
	objectVersion = 46;
	objects = {

/* Begin PBXBuildFile section */
		938A247C1A1FE40E00767D48 /* main.m in Sources */ = {isa = PBXBuildFile; fileRef = 938A247B1A1FE40E00767D48 /* main.m */; };
		938A247F1A1FE40E00767D48 /* AppDelegate.m in Sources */ = {isa = PBXBuildFile; fileRef = 938A247E1A1FE40E00767D48 /* AppDelegate.m */; };
		938A24821A1FE40E00767D48 /* ViewController.m in Sources */ = {isa = PBXBuildFile; fileRef = 938A24811A1FE40E00767D48 /* ViewController.m */; };
		938A24851A1FE40E00767D48 /* Main.storyboard in Resources */ = {isa = PBXBuildFile; fileRef = 938A24831A1FE40E00767D48 /* Main.storyboard */; };
		938A248A1A1FE40E00767D48 /* LaunchScreen.xib in Resources */ = {isa = PBXBuildFile; fileRef = 938A24881A1FE40E00767D48 /* LaunchScreen.xib */; };
		938A24961A1FE40E00767D48 /* FLWebViewTests.m in Sources */ = {isa = PBXBuildFile; fileRef = 938A24951A1FE40E00767D48 /* FLWebViewTests.m */; };
		938A24A41A1FE82300767D48 /* UIWebView+FLUIWebView.m in Sources */ = {isa = PBXBuildFile; fileRef = 938A24A31A1FE82300767D48 /* UIWebView+FLUIWebView.m */; };
		938A24A71A1FE8B800767D48 /* WKWebView+FLWKWebView.m in Sources */ = {isa = PBXBuildFile; fileRef = 938A24A61A1FE8B800767D48 /* WKWebView+FLWKWebView.m */; };
		9393B9D31A23E21000CFF324 /* WebKit.framework in Frameworks */ = {isa = PBXBuildFile; fileRef = 9393B9D21A23E21000CFF324 /* WebKit.framework */; };
/* End PBXBuildFile section */

/* Begin PBXContainerItemProxy section */
		938A24901A1FE40E00767D48 /* PBXContainerItemProxy */ = {
			isa = PBXContainerItemProxy;
			containerPortal = 938A246E1A1FE40E00767D48 /* Project object */;
			proxyType = 1;
			remoteGlobalIDString = 938A24751A1FE40E00767D48;
			remoteInfo = FLWebView;
		};
/* End PBXContainerItemProxy section */

/* Begin PBXFileReference section */
		938A24761A1FE40E00767D48 /* FLWebView.app */ = {isa = PBXFileReference; explicitFileType = wrapper.application; includeInIndex = 0; path = FLWebView.app; sourceTree = BUILT_PRODUCTS_DIR; };
		938A247A1A1FE40E00767D48 /* Info.plist */ = {isa = PBXFileReference; lastKnownFileType = text.plist.xml; path = Info.plist; sourceTree = "<group>"; };
		938A247B1A1FE40E00767D48 /* main.m */ = {isa = PBXFileReference; lastKnownFileType = sourcecode.c.objc; path = main.m; sourceTree = "<group>"; };
		938A247D1A1FE40E00767D48 /* AppDelegate.h */ = {isa = PBXFileReference; lastKnownFileType = sourcecode.c.h; path = AppDelegate.h; sourceTree = "<group>"; };
		938A247E1A1FE40E00767D48 /* AppDelegate.m */ = {isa = PBXFileReference; lastKnownFileType = sourcecode.c.objc; path = AppDelegate.m; sourceTree = "<group>"; };
		938A24801A1FE40E00767D48 /* ViewController.h */ = {isa = PBXFileReference; lastKnownFileType = sourcecode.c.h; path = ViewController.h; sourceTree = "<group>"; };
		938A24811A1FE40E00767D48 /* ViewController.m */ = {isa = PBXFileReference; lastKnownFileType = sourcecode.c.objc; path = ViewController.m; sourceTree = "<group>"; };
		938A24841A1FE40E00767D48 /* Base */ = {isa = PBXFileReference; lastKnownFileType = file.storyboard; name = Base; path = Base.lproj/Main.storyboard; sourceTree = "<group>"; };
		938A24891A1FE40E00767D48 /* Base */ = {isa = PBXFileReference; lastKnownFileType = file.xib; name = Base; path = Base.lproj/LaunchScreen.xib; sourceTree = "<group>"; };
		938A248F1A1FE40E00767D48 /* FLWebViewTests.xctest */ = {isa = PBXFileReference; explicitFileType = wrapper.cfbundle; includeInIndex = 0; path = FLWebViewTests.xctest; sourceTree = BUILT_PRODUCTS_DIR; };
		938A24941A1FE40E00767D48 /* Info.plist */ = {isa = PBXFileReference; lastKnownFileType = text.plist.xml; path = Info.plist; sourceTree = "<group>"; };
		938A24951A1FE40E00767D48 /* FLWebViewTests.m */ = {isa = PBXFileReference; lastKnownFileType = sourcecode.c.objc; path = FLWebViewTests.m; sourceTree = "<group>"; };
		938A24A01A1FE4CF00767D48 /* FLWebViewProvider.h */ = {isa = PBXFileReference; fileEncoding = 4; lastKnownFileType = sourcecode.c.h; path = FLWebViewProvider.h; sourceTree = "<group>"; };
		938A24A21A1FE82300767D48 /* UIWebView+FLUIWebView.h */ = {isa = PBXFileReference; fileEncoding = 4; lastKnownFileType = sourcecode.c.h; path = "UIWebView+FLUIWebView.h"; sourceTree = "<group>"; };
		938A24A31A1FE82300767D48 /* UIWebView+FLUIWebView.m */ = {isa = PBXFileReference; fileEncoding = 4; lastKnownFileType = sourcecode.c.objc; path = "UIWebView+FLUIWebView.m"; sourceTree = "<group>"; };
		938A24A51A1FE8B800767D48 /* WKWebView+FLWKWebView.h */ = {isa = PBXFileReference; fileEncoding = 4; lastKnownFileType = sourcecode.c.h; path = "WKWebView+FLWKWebView.h"; sourceTree = "<group>"; };
		938A24A61A1FE8B800767D48 /* WKWebView+FLWKWebView.m */ = {isa = PBXFileReference; fileEncoding = 4; lastKnownFileType = sourcecode.c.objc; path = "WKWebView+FLWKWebView.m"; sourceTree = "<group>"; };
		9393B9D21A23E21000CFF324 /* WebKit.framework */ = {isa = PBXFileReference; lastKnownFileType = wrapper.framework; name = WebKit.framework; path = System/Library/Frameworks/WebKit.framework; sourceTree = SDKROOT; };
/* End PBXFileReference section */

/* Begin PBXFrameworksBuildPhase section */
		938A24731A1FE40E00767D48 /* Frameworks */ = {
			isa = PBXFrameworksBuildPhase;
			buildActionMask = 2147483647;
			files = (
				9393B9D31A23E21000CFF324 /* WebKit.framework in Frameworks */,
			);
			runOnlyForDeploymentPostprocessing = 0;
		};
		938A248C1A1FE40E00767D48 /* Frameworks */ = {
			isa = PBXFrameworksBuildPhase;
			buildActionMask = 2147483647;
			files = (
			);
			runOnlyForDeploymentPostprocessing = 0;
		};
/* End PBXFrameworksBuildPhase section */

/* Begin PBXGroup section */
		938A246D1A1FE40E00767D48 = {
			isa = PBXGroup;
			children = (
				9393B9D21A23E21000CFF324 /* WebKit.framework */,
				938A24781A1FE40E00767D48 /* FLWebView */,
				938A24921A1FE40E00767D48 /* FLWebViewTests */,
				938A24771A1FE40E00767D48 /* Products */,
			);
			sourceTree = "<group>";
		};
		938A24771A1FE40E00767D48 /* Products */ = {
			isa = PBXGroup;
			children = (
				938A24761A1FE40E00767D48 /* FLWebView.app */,
				938A248F1A1FE40E00767D48 /* FLWebViewTests.xctest */,
			);
			name = Products;
			sourceTree = "<group>";
		};
		938A24781A1FE40E00767D48 /* FLWebView */ = {
			isa = PBXGroup;
			children = (
				938A24A11A1FE7CF00767D48 /* Categories */,
				938A249F1A1FE4B200767D48 /* Protocols */,
				938A247D1A1FE40E00767D48 /* AppDelegate.h */,
				938A247E1A1FE40E00767D48 /* AppDelegate.m */,
				938A24801A1FE40E00767D48 /* ViewController.h */,
				938A24811A1FE40E00767D48 /* ViewController.m */,
				938A24831A1FE40E00767D48 /* Main.storyboard */,
				938A24881A1FE40E00767D48 /* LaunchScreen.xib */,
				938A24791A1FE40E00767D48 /* Supporting Files */,
			);
			path = FLWebView;
			sourceTree = "<group>";
		};
		938A24791A1FE40E00767D48 /* Supporting Files */ = {
			isa = PBXGroup;
			children = (
				938A247A1A1FE40E00767D48 /* Info.plist */,
				938A247B1A1FE40E00767D48 /* main.m */,
			);
			name = "Supporting Files";
			sourceTree = "<group>";
		};
		938A24921A1FE40E00767D48 /* FLWebViewTests */ = {
			isa = PBXGroup;
			children = (
				938A24951A1FE40E00767D48 /* FLWebViewTests.m */,
				938A24931A1FE40E00767D48 /* Supporting Files */,
			);
			path = FLWebViewTests;
			sourceTree = "<group>";
		};
		938A24931A1FE40E00767D48 /* Supporting Files */ = {
			isa = PBXGroup;
			children = (
				938A24941A1FE40E00767D48 /* Info.plist */,
			);
			name = "Supporting Files";
			sourceTree = "<group>";
		};
		938A249F1A1FE4B200767D48 /* Protocols */ = {
			isa = PBXGroup;
			children = (
				938A24A01A1FE4CF00767D48 /* FLWebViewProvider.h */,
			);
			name = Protocols;
			sourceTree = "<group>";
		};
		938A24A11A1FE7CF00767D48 /* Categories */ = {
			isa = PBXGroup;
			children = (
				938A24A21A1FE82300767D48 /* UIWebView+FLUIWebView.h */,
				938A24A31A1FE82300767D48 /* UIWebView+FLUIWebView.m */,
				938A24A51A1FE8B800767D48 /* WKWebView+FLWKWebView.h */,
				938A24A61A1FE8B800767D48 /* WKWebView+FLWKWebView.m */,
			);
			name = Categories;
			sourceTree = "<group>";
		};
/* End PBXGroup section */

/* Begin PBXNativeTarget section */
		938A24751A1FE40E00767D48 /* FLWebView */ = {
			isa = PBXNativeTarget;
			buildConfigurationList = 938A24991A1FE40E00767D48 /* Build configuration list for PBXNativeTarget "FLWebView" */;
			buildPhases = (
				938A24721A1FE40E00767D48 /* Sources */,
				938A24731A1FE40E00767D48 /* Frameworks */,
				938A24741A1FE40E00767D48 /* Resources */,
			);
			buildRules = (
			);
			dependencies = (
			);
			name = FLWebView;
			productName = FLWebView;
			productReference = 938A24761A1FE40E00767D48 /* FLWebView.app */;
			productType = "com.apple.product-type.application";
		};
		938A248E1A1FE40E00767D48 /* FLWebViewTests */ = {
			isa = PBXNativeTarget;
			buildConfigurationList = 938A249C1A1FE40E00767D48 /* Build configuration list for PBXNativeTarget "FLWebViewTests" */;
			buildPhases = (
				938A248B1A1FE40E00767D48 /* Sources */,
				938A248C1A1FE40E00767D48 /* Frameworks */,
				938A248D1A1FE40E00767D48 /* Resources */,
			);
			buildRules = (
			);
			dependencies = (
				938A24911A1FE40E00767D48 /* PBXTargetDependency */,
			);
			name = FLWebViewTests;
			productName = FLWebViewTests;
			productReference = 938A248F1A1FE40E00767D48 /* FLWebViewTests.xctest */;
			productType = "com.apple.product-type.bundle.unit-test";
		};
/* End PBXNativeTarget section */

/* Begin PBXProject section */
		938A246E1A1FE40E00767D48 /* Project object */ = {
			isa = PBXProject;
			attributes = {
				LastUpgradeCheck = 0610;
				ORGANIZATIONNAME = "Float Mobile Learning";
				TargetAttributes = {
					938A24751A1FE40E00767D48 = {
						CreatedOnToolsVersion = 6.1;
					};
					938A248E1A1FE40E00767D48 = {
						CreatedOnToolsVersion = 6.1;
						TestTargetID = 938A24751A1FE40E00767D48;
					};
				};
			};
			buildConfigurationList = 938A24711A1FE40E00767D48 /* Build configuration list for PBXProject "FLWebView" */;
			compatibilityVersion = "Xcode 3.2";
			developmentRegion = English;
			hasScannedForEncodings = 0;
			knownRegions = (
				en,
				Base,
			);
			mainGroup = 938A246D1A1FE40E00767D48;
			productRefGroup = 938A24771A1FE40E00767D48 /* Products */;
			projectDirPath = "";
			projectRoot = "";
			targets = (
				938A24751A1FE40E00767D48 /* FLWebView */,
				938A248E1A1FE40E00767D48 /* FLWebViewTests */,
			);
		};
/* End PBXProject section */

/* Begin PBXResourcesBuildPhase section */
		938A24741A1FE40E00767D48 /* Resources */ = {
			isa = PBXResourcesBuildPhase;
			buildActionMask = 2147483647;
			files = (
				938A24851A1FE40E00767D48 /* Main.storyboard in Resources */,
				938A248A1A1FE40E00767D48 /* LaunchScreen.xib in Resources */,
			);
			runOnlyForDeploymentPostprocessing = 0;
		};
		938A248D1A1FE40E00767D48 /* Resources */ = {
			isa = PBXResourcesBuildPhase;
			buildActionMask = 2147483647;
			files = (
			);
			runOnlyForDeploymentPostprocessing = 0;
		};
/* End PBXResourcesBuildPhase section */

/* Begin PBXSourcesBuildPhase section */
		938A24721A1FE40E00767D48 /* Sources */ = {
			isa = PBXSourcesBuildPhase;
			buildActionMask = 2147483647;
			files = (
				938A24821A1FE40E00767D48 /* ViewController.m in Sources */,
				938A24A41A1FE82300767D48 /* UIWebView+FLUIWebView.m in Sources */,
				938A24A71A1FE8B800767D48 /* WKWebView+FLWKWebView.m in Sources */,
				938A247F1A1FE40E00767D48 /* AppDelegate.m in Sources */,
				938A247C1A1FE40E00767D48 /* main.m in Sources */,
			);
			runOnlyForDeploymentPostprocessing = 0;
		};
		938A248B1A1FE40E00767D48 /* Sources */ = {
			isa = PBXSourcesBuildPhase;
			buildActionMask = 2147483647;
			files = (
				938A24961A1FE40E00767D48 /* FLWebViewTests.m in Sources */,
			);
			runOnlyForDeploymentPostprocessing = 0;
		};
/* End PBXSourcesBuildPhase section */

/* Begin PBXTargetDependency section */
		938A24911A1FE40E00767D48 /* PBXTargetDependency */ = {
			isa = PBXTargetDependency;
			target = 938A24751A1FE40E00767D48 /* FLWebView */;
			targetProxy = 938A24901A1FE40E00767D48 /* PBXContainerItemProxy */;
		};
/* End PBXTargetDependency section */

/* Begin PBXVariantGroup section */
		938A24831A1FE40E00767D48 /* Main.storyboard */ = {
			isa = PBXVariantGroup;
			children = (
				938A24841A1FE40E00767D48 /* Base */,
			);
			name = Main.storyboard;
			sourceTree = "<group>";
		};
		938A24881A1FE40E00767D48 /* LaunchScreen.xib */ = {
			isa = PBXVariantGroup;
			children = (
				938A24891A1FE40E00767D48 /* Base */,
			);
			name = LaunchScreen.xib;
			sourceTree = "<group>";
		};
/* End PBXVariantGroup section */

/* Begin XCBuildConfiguration section */
		938A24971A1FE40E00767D48 /* Debug */ = {
			isa = XCBuildConfiguration;
			buildSettings = {
				ALWAYS_SEARCH_USER_PATHS = NO;
				CLANG_CXX_LANGUAGE_STANDARD = "gnu++0x";
				CLANG_CXX_LIBRARY = "libc++";
				CLANG_ENABLE_MODULES = YES;
				CLANG_ENABLE_OBJC_ARC = YES;
				CLANG_WARN_BOOL_CONVERSION = YES;
				CLANG_WARN_CONSTANT_CONVERSION = YES;
				CLANG_WARN_DIRECT_OBJC_ISA_USAGE = YES_ERROR;
				CLANG_WARN_EMPTY_BODY = YES;
				CLANG_WARN_ENUM_CONVERSION = YES;
				CLANG_WARN_INT_CONVERSION = YES;
				CLANG_WARN_OBJC_ROOT_CLASS = YES_ERROR;
				CLANG_WARN_UNREACHABLE_CODE = YES;
				CLANG_WARN__DUPLICATE_METHOD_MATCH = YES;
				"CODE_SIGN_IDENTITY[sdk=iphoneos*]" = "iPhone Developer";
				COPY_PHASE_STRIP = NO;
				ENABLE_STRICT_OBJC_MSGSEND = YES;
				GCC_C_LANGUAGE_STANDARD = gnu99;
				GCC_DYNAMIC_NO_PIC = NO;
				GCC_OPTIMIZATION_LEVEL = 0;
				GCC_PREPROCESSOR_DEFINITIONS = (
					"DEBUG=1",
					"$(inherited)",
				);
				GCC_SYMBOLS_PRIVATE_EXTERN = NO;
				GCC_WARN_64_TO_32_BIT_CONVERSION = YES;
				GCC_WARN_ABOUT_RETURN_TYPE = YES_ERROR;
				GCC_WARN_UNDECLARED_SELECTOR = YES;
				GCC_WARN_UNINITIALIZED_AUTOS = YES_AGGRESSIVE;
				GCC_WARN_UNUSED_FUNCTION = YES;
				GCC_WARN_UNUSED_VARIABLE = YES;
				IPHONEOS_DEPLOYMENT_TARGET = 8.1;
				MTL_ENABLE_DEBUG_INFO = YES;
				ONLY_ACTIVE_ARCH = YES;
				SDKROOT = iphoneos;
				TARGETED_DEVICE_FAMILY = "1,2";
			};
			name = Debug;
		};
		938A24981A1FE40E00767D48 /* Release */ = {
			isa = XCBuildConfiguration;
			buildSettings = {
				ALWAYS_SEARCH_USER_PATHS = NO;
				CLANG_CXX_LANGUAGE_STANDARD = "gnu++0x";
				CLANG_CXX_LIBRARY = "libc++";
				CLANG_ENABLE_MODULES = YES;
				CLANG_ENABLE_OBJC_ARC = YES;
				CLANG_WARN_BOOL_CONVERSION = YES;
				CLANG_WARN_CONSTANT_CONVERSION = YES;
				CLANG_WARN_DIRECT_OBJC_ISA_USAGE = YES_ERROR;
				CLANG_WARN_EMPTY_BODY = YES;
				CLANG_WARN_ENUM_CONVERSION = YES;
				CLANG_WARN_INT_CONVERSION = YES;
				CLANG_WARN_OBJC_ROOT_CLASS = YES_ERROR;
				CLANG_WARN_UNREACHABLE_CODE = YES;
				CLANG_WARN__DUPLICATE_METHOD_MATCH = YES;
				"CODE_SIGN_IDENTITY[sdk=iphoneos*]" = "iPhone Developer";
				COPY_PHASE_STRIP = YES;
				ENABLE_NS_ASSERTIONS = NO;
				ENABLE_STRICT_OBJC_MSGSEND = YES;
				GCC_C_LANGUAGE_STANDARD = gnu99;
				GCC_WARN_64_TO_32_BIT_CONVERSION = YES;
				GCC_WARN_ABOUT_RETURN_TYPE = YES_ERROR;
				GCC_WARN_UNDECLARED_SELECTOR = YES;
				GCC_WARN_UNINITIALIZED_AUTOS = YES_AGGRESSIVE;
				GCC_WARN_UNUSED_FUNCTION = YES;
				GCC_WARN_UNUSED_VARIABLE = YES;
				IPHONEOS_DEPLOYMENT_TARGET = 8.1;
				MTL_ENABLE_DEBUG_INFO = NO;
				SDKROOT = iphoneos;
				TARGETED_DEVICE_FAMILY = "1,2";
				VALIDATE_PRODUCT = YES;
			};
			name = Release;
		};
		938A249A1A1FE40E00767D48 /* Debug */ = {
			isa = XCBuildConfiguration;
			buildSettings = {
				ASSETCATALOG_COMPILER_APPICON_NAME = AppIcon;
				ASSETCATALOG_COMPILER_LAUNCHIMAGE_NAME = LaunchImage;
				CODE_SIGN_IDENTITY = "iPhone Developer";
				INFOPLIST_FILE = FLWebView/Info.plist;
				IPHONEOS_DEPLOYMENT_TARGET = 7.0;
				LD_RUNPATH_SEARCH_PATHS = "$(inherited) @executable_path/Frameworks";
				PRODUCT_NAME = "$(TARGET_NAME)";
			};
			name = Debug;
		};
		938A249B1A1FE40E00767D48 /* Release */ = {
			isa = XCBuildConfiguration;
			buildSettings = {
				ASSETCATALOG_COMPILER_APPICON_NAME = AppIcon;
				ASSETCATALOG_COMPILER_LAUNCHIMAGE_NAME = LaunchImage;
				CODE_SIGN_IDENTITY = "iPhone Developer";
				INFOPLIST_FILE = FLWebView/Info.plist;
				IPHONEOS_DEPLOYMENT_TARGET = 7.0;
				LD_RUNPATH_SEARCH_PATHS = "$(inherited) @executable_path/Frameworks";
				PRODUCT_NAME = "$(TARGET_NAME)";
			};
			name = Release;
		};
		938A249D1A1FE40E00767D48 /* Debug */ = {
			isa = XCBuildConfiguration;
			buildSettings = {
				BUNDLE_LOADER = "$(TEST_HOST)";
				FRAMEWORK_SEARCH_PATHS = (
					"$(SDKROOT)/Developer/Library/Frameworks",
					"$(inherited)",
				);
				GCC_PREPROCESSOR_DEFINITIONS = (
					"DEBUG=1",
					"$(inherited)",
				);
				INFOPLIST_FILE = FLWebViewTests/Info.plist;
				LD_RUNPATH_SEARCH_PATHS = "$(inherited) @executable_path/Frameworks @loader_path/Frameworks";
				PRODUCT_NAME = "$(TARGET_NAME)";
				TEST_HOST = "$(BUILT_PRODUCTS_DIR)/FLWebView.app/FLWebView";
			};
			name = Debug;
		};
		938A249E1A1FE40E00767D48 /* Release */ = {
			isa = XCBuildConfiguration;
			buildSettings = {
				BUNDLE_LOADER = "$(TEST_HOST)";
				FRAMEWORK_SEARCH_PATHS = (
					"$(SDKROOT)/Developer/Library/Frameworks",
					"$(inherited)",
				);
				INFOPLIST_FILE = FLWebViewTests/Info.plist;
				LD_RUNPATH_SEARCH_PATHS = "$(inherited) @executable_path/Frameworks @loader_path/Frameworks";
				PRODUCT_NAME = "$(TARGET_NAME)";
				TEST_HOST = "$(BUILT_PRODUCTS_DIR)/FLWebView.app/FLWebView";
			};
			name = Release;
		};
/* End XCBuildConfiguration section */

/* Begin XCConfigurationList section */
		938A24711A1FE40E00767D48 /* Build configuration list for PBXProject "FLWebView" */ = {
			isa = XCConfigurationList;
			buildConfigurations = (
				938A24971A1FE40E00767D48 /* Debug */,
				938A24981A1FE40E00767D48 /* Release */,
			);
			defaultConfigurationIsVisible = 0;
			defaultConfigurationName = Release;
		};
		938A24991A1FE40E00767D48 /* Build configuration list for PBXNativeTarget "FLWebView" */ = {
			isa = XCConfigurationList;
			buildConfigurations = (
				938A249A1A1FE40E00767D48 /* Debug */,
				938A249B1A1FE40E00767D48 /* Release */,
			);
			defaultConfigurationIsVisible = 0;
			defaultConfigurationName = Release;
		};
		938A249C1A1FE40E00767D48 /* Build configuration list for PBXNativeTarget "FLWebViewTests" */ = {
			isa = XCConfigurationList;
			buildConfigurations = (
				938A249D1A1FE40E00767D48 /* Debug */,
				938A249E1A1FE40E00767D48 /* Release */,
			);
			defaultConfigurationIsVisible = 0;
			defaultConfigurationName = Release;
		};
/* End XCConfigurationList section */
	};
	rootObject = 938A246E1A1FE40E00767D48 /* Project object */;
}
